
Microsoft Visual Studio Solution File, Format Version 12.00
# Visual Studio Version 16
VisualStudioVersion = 16.0.34601.136
MinimumVisualStudioVersion = 10.0.40219.1
Project("{FAE04EC0-301F-11D3-BF4B-00C04F79EFBC}") = "Paint4D", "Paint4D.csproj", "{3CB40C93-C9A8-4A08-8179-46ED79CE214F}"
EndProject
Global
	GlobalSection(SolutionConfigurationPlatforms) = preSolution
		Debug|Any CPU = Debug|Any CPU
		Release|Any CPU = Release|Any CPU
	EndGlobalSection
	GlobalSection(ProjectConfigurationPlatforms) = postSolution
		{3CB40C93-C9A8-4A08-8179-46ED79CE214F}.Debug|Any CPU.ActiveCfg = Debug|Any CPU
		{3CB40C93-C9A8-4A08-8179-46ED79CE214F}.Debug|Any CPU.Build.0 = Debug|Any CPU
		{3CB40C93-C9A8-4A08-8179-46ED79CE214F}.Release|Any CPU.ActiveCfg = Release|Any CPU
		{3CB40C93-C9A8-4A08-8179-46ED79CE214F}.Release|Any CPU.Build.0 = Release|Any CPU
	EndGlobalSection
	GlobalSection(SolutionProperties) = preSolution
		HideSolutionNode = FALSE
	EndGlobalSection
	GlobalSection(ExtensibilityGlobals) = postSolution
		SolutionGuid = {13EBE6E7-A458-4476-967B-958D8F16BF78}
	EndGlobalSection
EndGlobal
